
Microsoft Visual Studio Solution File, Format Version 12.00
# Visual Studio Version 16
VisualStudioVersion = 16.0.31515.178
MinimumVisualStudioVersion = 10.0.40219.1
Project("{9A19103F-16F7-4668-BE54-9A1E7A4F7556}") = "5words", "5words.csproj", "{6BDE3159-FE69-479E-B185-DA095A739C1A}"
EndProject
Global
	GlobalSection(SolutionConfigurationPlatforms) = preSolution
		Debug|Any CPU = Debug|Any CPU
		Debug|x64 = Debug|x64
		Release|Any CPU = Release|Any CPU
		Release|x64 = Release|x64
	EndGlobalSection
	GlobalSection(ProjectConfigurationPlatforms) = postSolution
		{6BDE3159-FE69-479E-B185-DA095A739C1A}.Debug|Any CPU.ActiveCfg = Debug|Any CPU
		{6BDE3159-FE69-479E-B185-DA095A739C1A}.Debug|Any CPU.Build.0 = Debug|Any CPU
		{6BDE3159-FE69-479E-B185-DA095A739C1A}.Debug|x64.ActiveCfg = Debug|x64
		{6BDE3159-FE69-479E-B185-DA095A739C1A}.Debug|x64.Build.0 = Debug|x64
		{6BDE3159-FE69-479E-B185-DA095A739C1A}.Release|Any CPU.ActiveCfg = Release|Any CPU
		{6BDE3159-FE69-479E-B185-DA095A739C1A}.Release|Any CPU.Build.0 = Release|Any CPU
		{6BDE3159-FE69-479E-B185-DA095A739C1A}.Release|x64.ActiveCfg = Release|x64
		{6BDE3159-FE69-479E-B185-DA095A739C1A}.Release|x64.Build.0 = Release|x64
	EndGlobalSection
	GlobalSection(SolutionProperties) = preSolution
		HideSolutionNode = FALSE
	EndGlobalSection
	GlobalSection(ExtensibilityGlobals) = postSolution
		SolutionGuid = {AC4C8EE2-4EDD-4F8B-B560-6DD641564636}
	EndGlobalSection
EndGlobal
